uuid: 10ddf188-b056-490a-adbd-d10ff5566afb
langcode: en
status: true
dependencies:
  module:
    - registration
  theme:
    - urbanobserver
id: urbanobserver_registrationblock
theme: urbanobserver
region: secondary_menu
weight: 0
provider: null
plugin: registration
settings:
  id: registration
  label: 'Registration block'
  label_display: '0'
  provider: registration
visibility: {  }
