uuid: b2f43999-0a4a-433f-a226-a0a5f039cd8f
langcode: en
status: true
dependencies:
  module:
    - weather
  theme:
    - urbanobserver
id: urbanobserver_weatherblock
theme: urbanobserver
region: secondary_menu
weight: -19
provider: null
plugin: weather
settings:
  id: weather
  label: 'Weather block'
  label_display: '0'
  provider: weather
visibility: {  }
