uuid: 4140d593-748f-487c-ba0b-7338492779c8
langcode: en
status: true
dependencies:
  module:
    - weather
  theme:
    - urbanobserver
id: urbanobserver_weatherblock
theme: urbanobserver
region: secondary_menu
weight: 0
provider: null
plugin: weather
settings:
  id: weather
  label: 'Weather block'
  label_display: '0'
  provider: weather
visibility: {  }
