uuid: 8e576d4a-006c-4665-881e-cb6bf72cb19b
langcode: en
status: true
dependencies:
  config:
    - block_content.type.advertising_block
  module:
    - content_translation
third_party_settings:
  content_translation:
    enabled: true
    bundle_settings:
      untranslatable_fields_hide: '0'
id: block_content.advertising_block
target_entity_type_id: block_content
target_bundle: advertising_block
default_langcode: site_default
language_alterable: true
