uuid: fe902b73-8696-41cc-b894-bbd650d19d8a
langcode: en
status: true
dependencies:
  config:
    - block_content.type.cds_block
  module:
    - content_translation
third_party_settings:
  content_translation:
    enabled: true
    bundle_settings:
      untranslatable_fields_hide: '0'
id: block_content.cds_block
target_entity_type_id: block_content
target_bundle: cds_block
default_langcode: site_default
language_alterable: true
